
Microsoft Visual Studio Solution File, Format Version 12.00
# Visual Studio Version 17
VisualStudioVersion = 17.14.36930.0
MinimumVisualStudioVersion = 10.0.40219.1
Project("{FAE04EC0-301F-11D3-BF4B-00C04F79EFBC}") = "LiberatiStampe.API", "LiberatiStampe.API.csproj", "{22B959BF-0E9F-FD5E-2EAF-33868DDBFE88}"
EndProject
Global
	GlobalSection(SolutionConfigurationPlatforms) = preSolution
		Debug|Any CPU = Debug|Any CPU
		Release|Any CPU = Release|Any CPU
	EndGlobalSection
	GlobalSection(ProjectConfigurationPlatforms) = postSolution
		{22B959BF-0E9F-FD5E-2EAF-33868DDBFE88}.Debug|Any CPU.ActiveCfg = Debug|Any CPU
		{22B959BF-0E9F-FD5E-2EAF-33868DDBFE88}.Debug|Any CPU.Build.0 = Debug|Any CPU
		{22B959BF-0E9F-FD5E-2EAF-33868DDBFE88}.Release|Any CPU.ActiveCfg = Release|Any CPU
		{22B959BF-0E9F-FD5E-2EAF-33868DDBFE88}.Release|Any CPU.Build.0 = Release|Any CPU
	EndGlobalSection
	GlobalSection(SolutionProperties) = preSolution
		HideSolutionNode = FALSE
	EndGlobalSection
	GlobalSection(ExtensibilityGlobals) = postSolution
		SolutionGuid = {0D942984-1B63-4FB1-B3B8-7C3927A52BAE}
	EndGlobalSection
EndGlobal
